
Microsoft Visual Studio Solution File, Format Version 12.00
# Visual Studio Version 16
VisualStudioVersion = 16.0.31424.327
MinimumVisualStudioVersion = 10.0.40219.1
Project("{FAE04EC0-301F-11D3-BF4B-00C04F79EFBC}") = "ex4", "ex4\ex4.csproj", "{7F07B695-4A4B-4482-BAA6-01CE369B8752}"
EndProject
Global
	GlobalSection(SolutionConfigurationPlatforms) = preSolution
		Debug|Any CPU = Debug|Any CPU
		Release|Any CPU = Release|Any CPU
	EndGlobalSection
	GlobalSection(ProjectConfigurationPlatforms) = postSolution
		{7F07B695-4A4B-4482-BAA6-01CE369B8752}.Debug|Any CPU.ActiveCfg = Debug|Any CPU
		{7F07B695-4A4B-4482-BAA6-01CE369B8752}.Debug|Any CPU.Build.0 = Debug|Any CPU
		{7F07B695-4A4B-4482-BAA6-01CE369B8752}.Release|Any CPU.ActiveCfg = Release|Any CPU
		{7F07B695-4A4B-4482-BAA6-01CE369B8752}.Release|Any CPU.Build.0 = Release|Any CPU
	EndGlobalSection
	GlobalSection(SolutionProperties) = preSolution
		HideSolutionNode = FALSE
	EndGlobalSection
	GlobalSection(ExtensibilityGlobals) = postSolution
		SolutionGuid = {F6349C30-9645-4BB1-A4BD-580E5D9007E3}
	EndGlobalSection
EndGlobal
